// !$*UTF8*$!
{
	archiveVersion = 1;
	classes = {
	};
	objectVersion = 46;
	objects = {

/* Begin PBXBuildFile section */
		28CDABAF1AEF29A8005A392B /* main.m in Sources */ = {isa = PBXBuildFile; fileRef = 28CDABAE1AEF29A8005A392B /* main.m */; };
		28CDABB21AEF29A8005A392B /* AppDelegate.m in Sources */ = {isa = PBXBuildFile; fileRef = 28CDABB11AEF29A8005A392B /* AppDelegate.m */; };
		28CDABB51AEF29A8005A392B /* ViewController.m in Sources */ = {isa = PBXBuildFile; fileRef = 28CDABB41AEF29A8005A392B /* ViewController.m */; };
		28CDABB81AEF29A8005A392B /* Main.storyboard in Resources */ = {isa = PBXBuildFile; fileRef = 28CDABB61AEF29A8005A392B /* Main.storyboard */; };
		28CDABBA1AEF29A8005A392B /* Images.xcassets in Resources */ = {isa = PBXBuildFile; fileRef = 28CDABB91AEF29A8005A392B /* Images.xcassets */; };
		28CDABBD1AEF29A8005A392B /* LaunchScreen.xib in Resources */ = {isa = PBXBuildFile; fileRef = 28CDABBB1AEF29A8005A392B /* LaunchScreen.xib */; };
		28CDABC91AEF29A8005A392B /* Network_programmingTests.m in Sources */ = {isa = PBXBuildFile; fileRef = 28CDABC81AEF29A8005A392B /* Network_programmingTests.m */; };
/* End PBXBuildFile section */

/* Begin PBXContainerItemProxy section */
		28CDABC31AEF29A8005A392B /* PBXContainerItemProxy */ = {
			isa = PBXContainerItemProxy;
			containerPortal = 28CDABA11AEF29A8005A392B /* Project object */;
			proxyType = 1;
			remoteGlobalIDString = 28CDABA81AEF29A8005A392B;
			remoteInfo = "Network programming";
		};
/* End PBXContainerItemProxy section */

/* Begin PBXFileReference section */
		28CDABA91AEF29A8005A392B /* Network programming.app */ = {isa = PBXFileReference; explicitFileType = wrapper.application; includeInIndex = 0; path = "Network programming.app"; sourceTree = BUILT_PRODUCTS_DIR; };
		28CDABAD1AEF29A8005A392B /* Info.plist */ = {isa = PBXFileReference; lastKnownFileType = text.plist.xml; path = Info.plist; sourceTree = "<group>"; };
		28CDABAE1AEF29A8005A392B /* main.m */ = {isa = PBXFileReference; lastKnownFileType = sourcecode.c.objc; path = main.m; sourceTree = "<group>"; };
		28CDABB01AEF29A8005A392B /* AppDelegate.h */ = {isa = PBXFileReference; lastKnownFileType = sourcecode.c.h; path = AppDelegate.h; sourceTree = "<group>"; };
		28CDABB11AEF29A8005A392B /* AppDelegate.m */ = {isa = PBXFileReference; lastKnownFileType = sourcecode.c.objc; path = AppDelegate.m; sourceTree = "<group>"; };
		28CDABB31AEF29A8005A392B /* ViewController.h */ = {isa = PBXFileReference; lastKnownFileType = sourcecode.c.h; path = ViewController.h; sourceTree = "<group>"; };
		28CDABB41AEF29A8005A392B /* ViewController.m */ = {isa = PBXFileReference; lastKnownFileType = sourcecode.c.objc; path = ViewController.m; sourceTree = "<group>"; };
		28CDABB71AEF29A8005A392B /* Base */ = {isa = PBXFileReference; lastKnownFileType = file.storyboard; name = Base; path = Base.lproj/Main.storyboard; sourceTree = "<group>"; };
		28CDABB91AEF29A8005A392B /* Images.xcassets */ = {isa = PBXFileReference; lastKnownFileType = folder.assetcatalog; path = Images.xcassets; sourceTree = "<group>"; };
		28CDABBC1AEF29A8005A392B /* Base */ = {isa = PBXFileReference; lastKnownFileType = file.xib; name = Base; path = Base.lproj/LaunchScreen.xib; sourceTree = "<group>"; };
		28CDABC21AEF29A8005A392B /* Network programmingTests.xctest */ = {isa = PBXFileReference; explicitFileType = wrapper.cfbundle; includeInIndex = 0; path = "Network programmingTests.xctest"; sourceTree = BUILT_PRODUCTS_DIR; };
		28CDABC71AEF29A8005A392B /* Info.plist */ = {isa = PBXFileReference; lastKnownFileType = text.plist.xml; path = Info.plist; sourceTree = "<group>"; };
		28CDABC81AEF29A8005A392B /* Network_programmingTests.m */ = {isa = PBXFileReference; lastKnownFileType = sourcecode.c.objc; path = Network_programmingTests.m; sourceTree = "<group>"; };
/* End PBXFileReference section */

/* Begin PBXFrameworksBuildPhase section */
		28CDABA61AEF29A8005A392B /* Frameworks */ = {
			isa = PBXFrameworksBuildPhase;
			buildActionMask = 2147483647;
			files = (
			);
			runOnlyForDeploymentPostprocessing = 0;
		};
		28CDABBF1AEF29A8005A392B /* Frameworks */ = {
			isa = PBXFrameworksBuildPhase;
			buildActionMask = 2147483647;
			files = (
			);
			runOnlyForDeploymentPostprocessing = 0;
		};
/* End PBXFrameworksBuildPhase section */

/* Begin PBXGroup section */
		28CDABA01AEF29A8005A392B = {
			isa = PBXGroup;
			children = (
				28CDABAB1AEF29A8005A392B /* Network programming */,
				28CDABC51AEF29A8005A392B /* Network programmingTests */,
				28CDABAA1AEF29A8005A392B /* Products */,
			);
			sourceTree = "<group>";
		};
		28CDABAA1AEF29A8005A392B /* Products */ = {
			isa = PBXGroup;
			children = (
				28CDABA91AEF29A8005A392B /* Network programming.app */,
				28CDABC21AEF29A8005A392B /* Network programmingTests.xctest */,
			);
			name = Products;
			sourceTree = "<group>";
		};
		28CDABAB1AEF29A8005A392B /* Network programming */ = {
			isa = PBXGroup;
			children = (
				28CDABB01AEF29A8005A392B /* AppDelegate.h */,
				28CDABB11AEF29A8005A392B /* AppDelegate.m */,
				28CDABB31AEF29A8005A392B /* ViewController.h */,
				28CDABB41AEF29A8005A392B /* ViewController.m */,
				28CDABB61AEF29A8005A392B /* Main.storyboard */,
				28CDABB91AEF29A8005A392B /* Images.xcassets */,
				28CDABBB1AEF29A8005A392B /* LaunchScreen.xib */,
				28CDABAC1AEF29A8005A392B /* Supporting Files */,
			);
			path = "Network programming";
			sourceTree = "<group>";
		};
		28CDABAC1AEF29A8005A392B /* Supporting Files */ = {
			isa = PBXGroup;
			children = (
				28CDABAD1AEF29A8005A392B /* Info.plist */,
				28CDABAE1AEF29A8005A392B /* main.m */,
			);
			name = "Supporting Files";
			sourceTree = "<group>";
		};
		28CDABC51AEF29A8005A392B /* Network programmingTests */ = {
			isa = PBXGroup;
			children = (
				28CDABC81AEF29A8005A392B /* Network_programmingTests.m */,
				28CDABC61AEF29A8005A392B /* Supporting Files */,
			);
			path = "Network programmingTests";
			sourceTree = "<group>";
		};
		28CDABC61AEF29A8005A392B /* Supporting Files */ = {
			isa = PBXGroup;
			children = (
				28CDABC71AEF29A8005A392B /* Info.plist */,
			);
			name = "Supporting Files";
			sourceTree = "<group>";
		};
/* End PBXGroup section */

/* Begin PBXNativeTarget section */
		28CDABA81AEF29A8005A392B /* Network programming */ = {
			isa = PBXNativeTarget;
			buildConfigurationList = 28CDABCC1AEF29A8005A392B /* Build configuration list for PBXNativeTarget "Network programming" */;
			buildPhases = (
				28CDABA51AEF29A8005A392B /* Sources */,
				28CDABA61AEF29A8005A392B /* Frameworks */,
				28CDABA71AEF29A8005A392B /* Resources */,
			);
			buildRules = (
			);
			dependencies = (
			);
			name = "Network programming";
			productName = "Network programming";
			productReference = 28CDABA91AEF29A8005A392B /* Network programming.app */;
			productType = "com.apple.product-type.application";
		};
		28CDABC11AEF29A8005A392B /* Network programmingTests */ = {
			isa = PBXNativeTarget;
			buildConfigurationList = 28CDABCF1AEF29A8005A392B /* Build configuration list for PBXNativeTarget "Network programmingTests" */;
			buildPhases = (
				28CDABBE1AEF29A8005A392B /* Sources */,
				28CDABBF1AEF29A8005A392B /* Frameworks */,
				28CDABC01AEF29A8005A392B /* Resources */,
			);
			buildRules = (
			);
			dependencies = (
				28CDABC41AEF29A8005A392B /* PBXTargetDependency */,
			);
			name = "Network programmingTests";
			productName = "Network programmingTests";
			productReference = 28CDABC21AEF29A8005A392B /* Network programmingTests.xctest */;
			productType = "com.apple.product-type.bundle.unit-test";
		};
/* End PBXNativeTarget section */

/* Begin PBXProject section */
		28CDABA11AEF29A8005A392B /* Project object */ = {
			isa = PBXProject;
			attributes = {
				LastUpgradeCheck = 0630;
				ORGANIZATIONNAME = "Catherine Reyto";
				TargetAttributes = {
					28CDABA81AEF29A8005A392B = {
						CreatedOnToolsVersion = 6.3;
					};
					28CDABC11AEF29A8005A392B = {
						CreatedOnToolsVersion = 6.3;
						TestTargetID = 28CDABA81AEF29A8005A392B;
					};
				};
			};
			buildConfigurationList = 28CDABA41AEF29A8005A392B /* Build configuration list for PBXProject "Network programming" */;
			compatibilityVersion = "Xcode 3.2";
			developmentRegion = English;
			hasScannedForEncodings = 0;
			knownRegions = (
				en,
				Base,
			);
			mainGroup = 28CDABA01AEF29A8005A392B;
			productRefGroup = 28CDABAA1AEF29A8005A392B /* Products */;
			projectDirPath = "";
			projectRoot = "";
			targets = (
				28CDABA81AEF29A8005A392B /* Network programming */,
				28CDABC11AEF29A8005A392B /* Network programmingTests */,
			);
		};
/* End PBXProject section */

/* Begin PBXResourcesBuildPhase section */
		28CDABA71AEF29A8005A392B /* Resources */ = {
			isa = PBXResourcesBuildPhase;
			buildActionMask = 2147483647;
			files = (
				28CDABB81AEF29A8005A392B /* Main.storyboard in Resources */,
				28CDABBD1AEF29A8005A392B /* LaunchScreen.xib in Resources */,
				28CDABBA1AEF29A8005A392B /* Images.xcassets in Resources */,
			);
			runOnlyForDeploymentPostprocessing = 0;
		};
		28CDABC01AEF29A8005A392B /* Resources */ = {
			isa = PBXResourcesBuildPhase;
			buildActionMask = 2147483647;
			files = (
			);
			runOnlyForDeploymentPostprocessing = 0;
		};
/* End PBXResourcesBuildPhase section */

/* Begin PBXSourcesBuildPhase section */
		28CDABA51AEF29A8005A392B /* Sources */ = {
			isa = PBXSourcesBuildPhase;
			buildActionMask = 2147483647;
			files = (
				28CDABB51AEF29A8005A392B /* ViewController.m in Sources */,
				28CDABB21AEF29A8005A392B /* AppDelegate.m in Sources */,
				28CDABAF1AEF29A8005A392B /* main.m in Sources */,
			);
			runOnlyForDeploymentPostprocessing = 0;
		};
		28CDABBE1AEF29A8005A392B /* Sources */ = {
			isa = PBXSourcesBuildPhase;
			buildActionMask = 2147483647;
			files = (
				28CDABC91AEF29A8005A392B /* Network_programmingTests.m in Sources */,
			);
			runOnlyForDeploymentPostprocessing = 0;
		};
/* End PBXSourcesBuildPhase section */

/* Begin PBXTargetDependency section */
		28CDABC41AEF29A8005A392B /* PBXTargetDependency */ = {
			isa = PBXTargetDependency;
			target = 28CDABA81AEF29A8005A392B /* Network programming */;
			targetProxy = 28CDABC31AEF29A8005A392B /* PBXContainerItemProxy */;
		};
/* End PBXTargetDependency section */

/* Begin PBXVariantGroup section */
		28CDABB61AEF29A8005A392B /* Main.storyboard */ = {
			isa = PBXVariantGroup;
			children = (
				28CDABB71AEF29A8005A392B /* Base */,
			);
			name = Main.storyboard;
			sourceTree = "<group>";
		};
		28CDABBB1AEF29A8005A392B /* LaunchScreen.xib */ = {
			isa = PBXVariantGroup;
			children = (
				28CDABBC1AEF29A8005A392B /* Base */,
			);
			name = LaunchScreen.xib;
			sourceTree = "<group>";
		};
/* End PBXVariantGroup section */

/* Begin XCBuildConfiguration section */
		28CDABCA1AEF29A8005A392B /* Debug */ = {
			isa = XCBuildConfiguration;
			buildSettings = {
				ALWAYS_SEARCH_USER_PATHS = NO;
				CLANG_CXX_LANGUAGE_STANDARD = "gnu++0x";
				CLANG_CXX_LIBRARY = "libc++";
				CLANG_ENABLE_MODULES = YES;
				CLANG_ENABLE_OBJC_ARC = YES;
				CLANG_WARN_BOOL_CONVERSION = YES;
				CLANG_WARN_CONSTANT_CONVERSION = YES;
				CLANG_WARN_DIRECT_OBJC_ISA_USAGE = YES_ERROR;
				CLANG_WARN_EMPTY_BODY = YES;
				CLANG_WARN_ENUM_CONVERSION = YES;
				CLANG_WARN_INT_CONVERSION = YES;
				CLANG_WARN_OBJC_ROOT_CLASS = YES_ERROR;
				CLANG_WARN_UNREACHABLE_CODE = YES;
				CLANG_WARN__DUPLICATE_METHOD_MATCH = YES;
				"CODE_SIGN_IDENTITY[sdk=iphoneos*]" = "iPhone Developer";
				COPY_PHASE_STRIP = NO;
				DEBUG_INFORMATION_FORMAT = "dwarf-with-dsym";
				ENABLE_STRICT_OBJC_MSGSEND = YES;
				GCC_C_LANGUAGE_STANDARD = gnu99;
				GCC_DYNAMIC_NO_PIC = NO;
				GCC_NO_COMMON_BLOCKS = YES;
				GCC_OPTIMIZATION_LEVEL = 0;
				GCC_PREPROCESSOR_DEFINITIONS = (
					"DEBUG=1",
					"$(inherited)",
				);
				GCC_SYMBOLS_PRIVATE_EXTERN = NO;
				GCC_WARN_64_TO_32_BIT_CONVERSION = YES;
				GCC_WARN_ABOUT_RETURN_TYPE = YES_ERROR;
				GCC_WARN_UNDECLARED_SELECTOR = YES;
				GCC_WARN_UNINITIALIZED_AUTOS = YES_AGGRESSIVE;
				GCC_WARN_UNUSED_FUNCTION = YES;
				GCC_WARN_UNUSED_VARIABLE = YES;
				IPHONEOS_DEPLOYMENT_TARGET = 8.3;
				MTL_ENABLE_DEBUG_INFO = YES;
				ONLY_ACTIVE_ARCH = YES;
				SDKROOT = iphoneos;
			};
			name = Debug;
		};
		28CDABCB1AEF29A8005A392B /* Release */ = {
			isa = XCBuildConfiguration;
			buildSettings = {
				ALWAYS_SEARCH_USER_PATHS = NO;
				CLANG_CXX_LANGUAGE_STANDARD = "gnu++0x";
				CLANG_CXX_LIBRARY = "libc++";
				CLANG_ENABLE_MODULES = YES;
				CLANG_ENABLE_OBJC_ARC = YES;
				CLANG_WARN_BOOL_CONVERSION = YES;
				CLANG_WARN_CONSTANT_CONVERSION = YES;
				CLANG_WARN_DIRECT_OBJC_ISA_USAGE = YES_ERROR;
				CLANG_WARN_EMPTY_BODY = YES;
				CLANG_WARN_ENUM_CONVERSION = YES;
				CLANG_WARN_INT_CONVERSION = YES;
				CLANG_WARN_OBJC_ROOT_CLASS = YES_ERROR;
				CLANG_WARN_UNREACHABLE_CODE = YES;
				CLANG_WARN__DUPLICATE_METHOD_MATCH = YES;
				"CODE_SIGN_IDENTITY[sdk=iphoneos*]" = "iPhone Developer";
				COPY_PHASE_STRIP = NO;
				DEBUG_INFORMATION_FORMAT = "dwarf-with-dsym";
				ENABLE_NS_ASSERTIONS = NO;
				ENABLE_STRICT_OBJC_MSGSEND = YES;
				GCC_C_LANGUAGE_STANDARD = gnu99;
				GCC_NO_COMMON_BLOCKS = YES;
				GCC_WARN_64_TO_32_BIT_CONVERSION = YES;
				GCC_WARN_ABOUT_RETURN_TYPE = YES_ERROR;
				GCC_WARN_UNDECLARED_SELECTOR = YES;
				GCC_WARN_UNINITIALIZED_AUTOS = YES_AGGRESSIVE;
				GCC_WARN_UNUSED_FUNCTION = YES;
				GCC_WARN_UNUSED_VARIABLE = YES;
				IPHONEOS_DEPLOYMENT_TARGET = 8.3;
				MTL_ENABLE_DEBUG_INFO = NO;
				SDKROOT = iphoneos;
				VALIDATE_PRODUCT = YES;
			};
			name = Release;
		};
		28CDABCD1AEF29A8005A392B /* Debug */ = {
			isa = XCBuildConfiguration;
			buildSettings = {
				ASSETCATALOG_COMPILER_APPICON_NAME = AppIcon;
				INFOPLIST_FILE = "Network programming/Info.plist";
				LD_RUNPATH_SEARCH_PATHS = "$(inherited) @executable_path/Frameworks";
				PRODUCT_NAME = "$(TARGET_NAME)";
			};
			name = Debug;
		};
		28CDABCE1AEF29A8005A392B /* Release */ = {
			isa = XCBuildConfiguration;
			buildSettings = {
				ASSETCATALOG_COMPILER_APPICON_NAME = AppIcon;
				INFOPLIST_FILE = "Network programming/Info.plist";
				LD_RUNPATH_SEARCH_PATHS = "$(inherited) @executable_path/Frameworks";
				PRODUCT_NAME = "$(TARGET_NAME)";
			};
			name = Release;
		};
		28CDABD01AEF29A8005A392B /* Debug */ = {
			isa = XCBuildConfiguration;
			buildSettings = {
				BUNDLE_LOADER = "$(TEST_HOST)";
				FRAMEWORK_SEARCH_PATHS = (
					"$(SDKROOT)/Developer/Library/Frameworks",
					"$(inherited)",
				);
				GCC_PREPROCESSOR_DEFINITIONS = (
					"DEBUG=1",
					"$(inherited)",
				);
				INFOPLIST_FILE = "Network programmingTests/Info.plist";
				LD_RUNPATH_SEARCH_PATHS = "$(inherited) @executable_path/Frameworks @loader_path/Frameworks";
				PRODUCT_NAME = "$(TARGET_NAME)";
				TEST_HOST = "$(BUILT_PRODUCTS_DIR)/Network programming.app/Network programming";
			};
			name = Debug;
		};
		28CDABD11AEF29A8005A392B /* Release */ = {
			isa = XCBuildConfiguration;
			buildSettings = {
				BUNDLE_LOADER = "$(TEST_HOST)";
				FRAMEWORK_SEARCH_PATHS = (
					"$(SDKROOT)/Developer/Library/Frameworks",
					"$(inherited)",
				);
				INFOPLIST_FILE = "Network programmingTests/Info.plist";
				LD_RUNPATH_SEARCH_PATHS = "$(inherited) @executable_path/Frameworks @loader_path/Frameworks";
				PRODUCT_NAME = "$(TARGET_NAME)";
				TEST_HOST = "$(BUILT_PRODUCTS_DIR)/Network programming.app/Network programming";
			};
			name = Release;
		};
/* End XCBuildConfiguration section */

/* Begin XCConfigurationList section */
		28CDABA41AEF29A8005A392B /* Build configuration list for PBXProject "Network programming" */ = {
			isa = XCConfigurationList;
			buildConfigurations = (
				28CDABCA1AEF29A8005A392B /* Debug */,
				28CDABCB1AEF29A8005A392B /* Release */,
			);
			defaultConfigurationIsVisible = 0;
			defaultConfigurationName = Release;
		};
		28CDABCC1AEF29A8005A392B /* Build configuration list for PBXNativeTarget "Network programming" */ = {
			isa = XCConfigurationList;
			buildConfigurations = (
				28CDABCD1AEF29A8005A392B /* Debug */,
				28CDABCE1AEF29A8005A392B /* Release */,
			);
			defaultConfigurationIsVisible = 0;
		};
		28CDABCF1AEF29A8005A392B /* Build configuration list for PBXNativeTarget "Network programmingTests" */ = {
			isa = XCConfigurationList;
			buildConfigurations = (
				28CDABD01AEF29A8005A392B /* Debug */,
				28CDABD11AEF29A8005A392B /* Release */,
			);
			defaultConfigurationIsVisible = 0;
		};
/* End XCConfigurationList section */
	};
	rootObject = 28CDABA11AEF29A8005A392B /* Project object */;
}
